{
  "version": 4,
  "terraform_version": "1.8.3",
  "serial": 72,
  "lineage": "554f15b5-bedc-8126-4dd0-14684c4efe5d",
  "outputs": {
    "block_volume-id": {
      "value": [
        "fr-par-1/19c3e574-713d-4c9d-8a19-0353630d3e42",
        "fr-par-1"
      ],
      "type": [
        "tuple",
        [
          "string",
          "string"
        ]
      ]
    }
  },
  "resources": [
    {
      "mode": "data",
      "type": "scaleway_k8s_version",
      "name": "latest",
      "provider": "provider[\"registry.terraform.io/scaleway/scaleway\"]",
      "instances": [
        {
          "schema_version": 0,
          "attributes": {
            "available_cnis": [
              "cilium",
              "calico",
              "kilo",
              "none"
            ],
            "available_container_runtimes": [
              "containerd"
            ],
            "available_feature_gates": [
              "HPAScaleToZero",
              "SidecarContainers",
              "ValidatingAdmissionPolicy",
              "InPlacePodVerticalScaling"
            ],
            "id": "fr-par/1.29.1",
            "name": "1.29.1",
            "region": "fr-par"
          },
          "sensitive_attributes": []
        }
      ]
    },
    {
      "mode": "managed",
      "type": "scaleway_block_volume",
      "name": "block_volume",
      "provider": "provider[\"registry.terraform.io/scaleway/scaleway\"]",
      "instances": [
        {
          "schema_version": 0,
          "attributes": {
            "id": "fr-par-1/19c3e574-713d-4c9d-8a19-0353630d3e42",
            "iops": 5000,
            "name": "volulme-for-pv",
            "project_id": "e26f5a0d-e7eb-4f9c-891e-0d3a2b455758",
            "size_in_gb": 200,
            "snapshot_id": "",
            "tags": null,
            "timeouts": null,
            "zone": "fr-par-1"
          },
          "sensitive_attributes": [],
          "private": "eyJlMmJmYjczMC1lY2FhLTExZTYtOGY4OC0zNDM2M2JjN2M0YzAiOnsiY3JlYXRlIjozMDAwMDAwMDAwMDAsImRlZmF1bHQiOjMwMDAwMDAwMDAwMCwiZGVsZXRlIjozMDAwMDAwMDAwMDAsInJlYWQiOjMwMDAwMDAwMDAwMCwidXBkYXRlIjozMDAwMDAwMDAwMDB9fQ=="
        }
      ]
    },
    {
      "mode": "managed",
      "type": "scaleway_instance_placement_group",
      "name": "availability_group",
      "provider": "provider[\"registry.terraform.io/scaleway/scaleway\"]",
      "instances": [
        {
          "schema_version": 0,
          "attributes": {
            "id": "fr-par-1/70332629-d460-45be-b8b7-d123d3e1325d",
            "name": "tf-pg-fervent-banach",
            "organization_id": "e97e853d-3cce-4ebf-acda-ec5d6abc8fa8",
            "policy_mode": "enforced",
            "policy_respected": true,
            "policy_type": "max_availability",
            "project_id": "e26f5a0d-e7eb-4f9c-891e-0d3a2b455758",
            "tags": null,
            "timeouts": null,
            "zone": "fr-par-1"
          },
          "sensitive_attributes": [],
          "private": "eyJlMmJmYjczMC1lY2FhLTExZTYtOGY4OC0zNDM2M2JjN2M0YzAiOnsiY3JlYXRlIjo2MDAwMDAwMDAwMCwiZGVmYXVsdCI6NjAwMDAwMDAwMDAsImRlbGV0ZSI6NjAwMDAwMDAwMDAsInJlYWQiOjYwMDAwMDAwMDAwLCJ1cGRhdGUiOjYwMDAwMDAwMDAwfX0="
        }
      ]
    },
    {
      "mode": "managed",
      "type": "scaleway_k8s_cluster",
      "name": "k8s_cluster",
      "provider": "provider[\"registry.terraform.io/scaleway/scaleway\"]",
      "instances": [
        {
          "schema_version": 0,
          "attributes": {
            "admission_plugins": null,
            "apiserver_cert_sans": null,
            "apiserver_url": "https://f905adcd-362c-4502-9954-be801d461570.api.k8s.fr-par.scw.cloud:6443",
            "auto_upgrade": [
              {
                "enable": false,
                "maintenance_window_day": "any",
                "maintenance_window_start_hour": 0
              }
            ],
            "autoscaler_config": [
              {
                "balance_similar_node_groups": false,
                "disable_scale_down": false,
                "estimator": "binpacking",
                "expander": "random",
                "expendable_pods_priority_cutoff": -10,
                "ignore_daemonsets_utilization": true,
                "max_graceful_termination_sec": 600,
                "scale_down_delay_after_add": "30m",
                "scale_down_unneeded_time": "2m",
                "scale_down_utilization_threshold": 0.5
              }
            ],
            "cni": "cilium",
            "created_at": "2024-06-24T14:20:37Z",
            "delete_additional_resources": true,
            "description": "",
            "feature_gates": null,
            "id": "fr-par/f905adcd-362c-4502-9954-be801d461570",
            "kubeconfig": [
              {
                "cluster_ca_certificate": "LS0tLS1CRUdJTiBDRVJUSUZJQ0FURS0tLS0tCk1JSUM1ekNDQWMrZ0F3SUJBZ0lCQURBTkJna3Foa2lHOXcwQkFRc0ZBREFWTVJNd0VRWURWUVFERXdwcmRXSmwKY201bGRHVnpNQjRYRFRJME1EWXlNekUwTWpBek9Wb1hEVE0wTURZeU16RTBNakF6T1Zvd0ZURVRNQkVHQTFVRQpBeE1LYTNWaVpYSnVaWFJsY3pDQ0FTSXdEUVlKS29aSWh2Y05BUUVCQlFBRGdnRVBBRENDQVFvQ2dnRUJBTVBpCk9pZEJ1a2FDaGJ1RW5pUWZ1RlJaV3pGQlFTeFFxVmJNaFdEMTR6WngyZGdKNmRvekxCRm93VW1oalY4UHFjOTcKOGx5cTg1b0xCbVJJQTdFU0l6R0t4bm9aUm50N01IaXlLZzI5QS9pTnhSVURvbWpSb201K3NIOWV0OFRKdnQ4VApwQ1lzZHVsOUZSaXJIcnAvRmtQYTJFdVdMOWxFRVpyeVdhNUlZKzIyUzBGZFBpWUhCQkJJTC9BL1dRMUc2N2c0ClI4N0U0ZjJSSWxPTXJ1b1lsbVc1VnoweVI3OU1LK2htTlNmUG9hNklZR0hiVEovWGJBb2svR0gxMDBtRUpXUFMKZGhzY0VqMUgreENrVktTM05nQ1BGY09GQThOYjJuZmpYa2g3S1JFa2NLOWRadW9FSHhoYkp5MEJOZzhIMWJxZAo4UVp6SEZTaDZ6MFl4NXVhVi9NQ0F3RUFBYU5DTUVBd0RnWURWUjBQQVFIL0JBUURBZ0trTUE4R0ExVWRFd0VCCi93UUZNQU1CQWY4d0hRWURWUjBPQkJZRUZJQ2ZVSkcyZ0lRRFo4UDhuamZJVnh6aUQya09NQTBHQ1NxR1NJYjMKRFFFQkN3VUFBNElCQVFCRHhkU1N5NnFxYkttS3ovUzhzZHBTcWlRODlKWG8veUUycEc1QUZoK3haMTBsWmREZQp1d1hER0dZODZWSVBwL1JrZDZxNzUyY1lVeGR2eUN3aElsRDNOOXJRb3ZGbXByTlhqKzlHVW1RWkxvb3N6QzNTCjFUNkh4VldYQmtZZ1V1VllLM0Z4Q3hmdnJKQkh2aS9OQzh5YitzNWpuR1lBUUE0QXdUWkhVRlBtQkUzbkhBNUEKbUxOUkh1TFNOV2lzb0NjbDA2dXVkZUZFVkdNTVhvQWJJUDRsVG9sekJKY2dYWUdUK1k5dDdVV3ZONlZYNTJBZQpsTnpPemVockxZUkViaDBIRmFWM2dUQiszOC90UnppTVoyNXB6VHhHblp3eXZBZElDOWxWaE55VmpPbGRYV0paCkJXOXM4V2F0endIcm8xOUZkbVJaTTZjSHdjLzhtR2xBN2hDOQotLS0tLUVORCBDRVJUSUZJQ0FURS0tLS0tCg==",
                "config_file": "apiVersion: v1\nclusters:\n- name: \"tidb-demo-cluster\"\n  cluster:\n    certificate-authority-data: LS0tLS1CRUdJTiBDRVJUSUZJQ0FURS0tLS0tCk1JSUM1ekNDQWMrZ0F3SUJBZ0lCQURBTkJna3Foa2lHOXcwQkFRc0ZBREFWTVJNd0VRWURWUVFERXdwcmRXSmwKY201bGRHVnpNQjRYRFRJME1EWXlNekUwTWpBek9Wb1hEVE0wTURZeU16RTBNakF6T1Zvd0ZURVRNQkVHQTFVRQpBeE1LYTNWaVpYSnVaWFJsY3pDQ0FTSXdEUVlKS29aSWh2Y05BUUVCQlFBRGdnRVBBRENDQVFvQ2dnRUJBTVBpCk9pZEJ1a2FDaGJ1RW5pUWZ1RlJaV3pGQlFTeFFxVmJNaFdEMTR6WngyZGdKNmRvekxCRm93VW1oalY4UHFjOTcKOGx5cTg1b0xCbVJJQTdFU0l6R0t4bm9aUm50N01IaXlLZzI5QS9pTnhSVURvbWpSb201K3NIOWV0OFRKdnQ4VApwQ1lzZHVsOUZSaXJIcnAvRmtQYTJFdVdMOWxFRVpyeVdhNUlZKzIyUzBGZFBpWUhCQkJJTC9BL1dRMUc2N2c0ClI4N0U0ZjJSSWxPTXJ1b1lsbVc1VnoweVI3OU1LK2htTlNmUG9hNklZR0hiVEovWGJBb2svR0gxMDBtRUpXUFMKZGhzY0VqMUgreENrVktTM05nQ1BGY09GQThOYjJuZmpYa2g3S1JFa2NLOWRadW9FSHhoYkp5MEJOZzhIMWJxZAo4UVp6SEZTaDZ6MFl4NXVhVi9NQ0F3RUFBYU5DTUVBd0RnWURWUjBQQVFIL0JBUURBZ0trTUE4R0ExVWRFd0VCCi93UUZNQU1CQWY4d0hRWURWUjBPQkJZRUZJQ2ZVSkcyZ0lRRFo4UDhuamZJVnh6aUQya09NQTBHQ1NxR1NJYjMKRFFFQkN3VUFBNElCQVFCRHhkU1N5NnFxYkttS3ovUzhzZHBTcWlRODlKWG8veUUycEc1QUZoK3haMTBsWmREZQp1d1hER0dZODZWSVBwL1JrZDZxNzUyY1lVeGR2eUN3aElsRDNOOXJRb3ZGbXByTlhqKzlHVW1RWkxvb3N6QzNTCjFUNkh4VldYQmtZZ1V1VllLM0Z4Q3hmdnJKQkh2aS9OQzh5YitzNWpuR1lBUUE0QXdUWkhVRlBtQkUzbkhBNUEKbUxOUkh1TFNOV2lzb0NjbDA2dXVkZUZFVkdNTVhvQWJJUDRsVG9sekJKY2dYWUdUK1k5dDdVV3ZONlZYNTJBZQpsTnpPemVockxZUkViaDBIRmFWM2dUQiszOC90UnppTVoyNXB6VHhHblp3eXZBZElDOWxWaE55VmpPbGRYV0paCkJXOXM4V2F0endIcm8xOUZkbVJaTTZjSHdjLzhtR2xBN2hDOQotLS0tLUVORCBDRVJUSUZJQ0FURS0tLS0tCg==\n    server: https://f905adcd-362c-4502-9954-be801d461570.api.k8s.fr-par.scw.cloud:6443\ncontexts:\n- name: admin@tidb-demo-cluster\n  context:\n    cluster: \"tidb-demo-cluster\"\n    user: tidb-demo-cluster-admin\ncurrent-context: admin@tidb-demo-cluster\nkind: Config\npreferences: {}\nusers:\n- name: tidb-demo-cluster-admin\n  user:\n    token: i8HoEOnl6JkBkmKdqolDty4i09jA4CrUSQiRF2k1D2Xk29FHoAr0Jn3C",
                "host": "https://f905adcd-362c-4502-9954-be801d461570.api.k8s.fr-par.scw.cloud:6443",
                "token": "i8HoEOnl6JkBkmKdqolDty4i09jA4CrUSQiRF2k1D2Xk29FHoAr0Jn3C"
              }
            ],
            "name": "tidb-demo-cluster",
            "open_id_connect_config": [
              {
                "client_id": "",
                "groups_claim": [],
                "groups_prefix": "",
                "issuer_url": "",
                "required_claim": [],
                "username_claim": "",
                "username_prefix": ""
              }
            ],
            "organization_id": "e97e853d-3cce-4ebf-acda-ec5d6abc8fa8",
            "private_network_id": "44905eac-4132-402d-85e8-e1e9d6912bba",
            "project_id": "e26f5a0d-e7eb-4f9c-891e-0d3a2b455758",
            "region": "fr-par",
            "status": "pool_required",
            "tags": [
              "terraform=true",
              "demo",
              "SA",
              "test"
            ],
            "timeouts": null,
            "type": "kapsule",
            "updated_at": "2024-06-24T14:20:39Z",
            "upgrade_available": false,
            "version": "1.29.1",
            "wildcard_dns": "*.f905adcd-362c-4502-9954-be801d461570.nodes.k8s.fr-par.scw.cloud"
          },
          "sensitive_attributes": [
            [
              {
                "type": "get_attr",
                "value": "kubeconfig"
              }
            ]
          ],
          "private": "eyJlMmJmYjczMC1lY2FhLTExZTYtOGY4OC0zNDM2M2JjN2M0YzAiOnsiY3JlYXRlIjo5MDAwMDAwMDAwMDAsImRlZmF1bHQiOjkwMDAwMDAwMDAwMCwiZGVsZXRlIjo5MDAwMDAwMDAwMDAsInJlYWQiOjkwMDAwMDAwMDAwMCwidXBkYXRlIjo5MDAwMDAwMDAwMDB9fQ==",
          "dependencies": [
            "data.scaleway_k8s_version.latest",
            "scaleway_vpc.this",
            "scaleway_vpc_private_network.this"
          ]
        }
      ]
    },
    {
      "mode": "managed",
      "type": "scaleway_k8s_pool",
      "name": "k8s-storage_pool",
      "provider": "provider[\"registry.terraform.io/scaleway/scaleway\"]",
      "instances": [
        {
          "status": "tainted",
          "schema_version": 0,
          "attributes": {
            "autohealing": true,
            "autoscaling": true,
            "cluster_id": "fr-par/f905adcd-362c-4502-9954-be801d461570",
            "container_runtime": "containerd",
            "created_at": null,
            "current_size": null,
            "id": "fr-par/7eb8f7da-f688-4027-b3a6-7492efeb1b2a",
            "kubelet_args": null,
            "max_size": 5,
            "min_size": 3,
            "name": "tidb-demo-storage_pool",
            "node_type": "PRO2-XXS",
            "nodes": null,
            "placement_group_id": "fr-par-1/70332629-d460-45be-b8b7-d123d3e1325d",
            "public_ip_disabled": false,
            "region": null,
            "root_volume_size_in_gb": null,
            "root_volume_type": null,
            "size": 5,
            "status": null,
            "tags": [
              "terraform=true",
              "demo",
              "SA",
              "test",
              "nodetype=storage",
              "taint=node=storage:NoSchedule"
            ],
            "timeouts": null,
            "updated_at": null,
            "upgrade_policy": null,
            "version": null,
            "wait_for_pool_ready": true,
            "zone": null
          },
          "sensitive_attributes": [],
          "private": "eyJlMmJmYjczMC1lY2FhLTExZTYtOGY4OC0zNDM2M2JjN2M0YzAiOnsiY3JlYXRlIjoxODAwMDAwMDAwMDAwLCJkZWZhdWx0IjoxODAwMDAwMDAwMDAwLCJkZWxldGUiOjE4MDAwMDAwMDAwMDAsInJlYWQiOjE4MDAwMDAwMDAwMDAsInVwZGF0ZSI6MTgwMDAwMDAwMDAwMH19",
          "dependencies": [
            "data.scaleway_k8s_version.latest",
            "scaleway_instance_placement_group.availability_group",
            "scaleway_k8s_cluster.k8s_cluster",
            "scaleway_vpc.this",
            "scaleway_vpc_private_network.this"
          ]
        }
      ]
    },
    {
      "mode": "managed",
      "type": "scaleway_k8s_pool",
      "name": "k8s-tidb-management_pool",
      "provider": "provider[\"registry.terraform.io/scaleway/scaleway\"]",
      "instances": [
        {
          "status": "tainted",
          "schema_version": 0,
          "attributes": {
            "autohealing": true,
            "autoscaling": true,
            "cluster_id": "fr-par/f905adcd-362c-4502-9954-be801d461570",
            "container_runtime": "containerd",
            "created_at": null,
            "current_size": null,
            "id": "fr-par/cbaa5ec2-e42a-4c60-88c9-e210da09e1ee",
            "kubelet_args": null,
            "max_size": 3,
            "min_size": 3,
            "name": "tidb-demo-management-pool",
            "node_type": "PRO2-S",
            "nodes": null,
            "placement_group_id": "fr-par-1/70332629-d460-45be-b8b7-d123d3e1325d",
            "public_ip_disabled": false,
            "region": null,
            "root_volume_size_in_gb": null,
            "root_volume_type": null,
            "size": 3,
            "status": null,
            "tags": [
              "terraform=true",
              "demo",
              "SA",
              "test",
              "nodetype=management"
            ],
            "timeouts": null,
            "updated_at": null,
            "upgrade_policy": null,
            "version": null,
            "wait_for_pool_ready": true,
            "zone": null
          },
          "sensitive_attributes": [],
          "private": "eyJlMmJmYjczMC1lY2FhLTExZTYtOGY4OC0zNDM2M2JjN2M0YzAiOnsiY3JlYXRlIjoxODAwMDAwMDAwMDAwLCJkZWZhdWx0IjoxODAwMDAwMDAwMDAwLCJkZWxldGUiOjE4MDAwMDAwMDAwMDAsInJlYWQiOjE4MDAwMDAwMDAwMDAsInVwZGF0ZSI6MTgwMDAwMDAwMDAwMH19",
          "dependencies": [
            "data.scaleway_k8s_version.latest",
            "scaleway_instance_placement_group.availability_group",
            "scaleway_k8s_cluster.k8s_cluster",
            "scaleway_vpc.this",
            "scaleway_vpc_private_network.this"
          ]
        }
      ]
    },
    {
      "mode": "managed",
      "type": "scaleway_vpc",
      "name": "this",
      "provider": "provider[\"registry.terraform.io/scaleway/scaleway\"]",
      "instances": [
        {
          "schema_version": 0,
          "attributes": {
            "created_at": "2024-06-24T14:20:35Z",
            "enable_routing": true,
            "id": "fr-par/cf1826c7-d578-4360-943e-4324d26813ca",
            "is_default": false,
            "name": "tidb-demo-vpc-test",
            "organization_id": "e97e853d-3cce-4ebf-acda-ec5d6abc8fa8",
            "project_id": "e26f5a0d-e7eb-4f9c-891e-0d3a2b455758",
            "region": "fr-par",
            "tags": [
              "terraform=true",
              "demo",
              "SA",
              "test"
            ],
            "updated_at": "2024-06-24T14:20:35Z"
          },
          "sensitive_attributes": [],
          "private": "bnVsbA=="
        }
      ]
    },
    {
      "mode": "managed",
      "type": "scaleway_vpc_gateway_network",
      "name": "this",
      "provider": "provider[\"registry.terraform.io/scaleway/scaleway\"]",
      "instances": [
        {
          "schema_version": 0,
          "attributes": {
            "cleanup_dhcp": false,
            "created_at": "2024-06-24T14:20:52Z",
            "dhcp_id": null,
            "enable_dhcp": true,
            "enable_masquerade": true,
            "gateway_id": "fr-par-1/0a04cbbf-1b7d-4420-8f26-202d78aba48e",
            "id": "fr-par-1/ed83384d-c566-4d6c-a140-c591466cbbe2",
            "ipam_config": [
              {
                "ipam_ip_id": "7653c785-193e-44d0-9e70-2f8852b91215",
                "push_default_route": true
              }
            ],
            "mac_address": "02:00:00:1C:D8:C6",
            "private_network_id": "fr-par/44905eac-4132-402d-85e8-e1e9d6912bba",
            "static_address": "172.16.12.2/22",
            "status": "ready",
            "timeouts": null,
            "updated_at": "2024-06-24T14:21:04Z",
            "zone": "fr-par-1"
          },
          "sensitive_attributes": [],
          "private": "eyJlMmJmYjczMC1lY2FhLTExZTYtOGY4OC0zNDM2M2JjN2M0YzAiOnsiY3JlYXRlIjo2MDAwMDAwMDAwMDAsImRlZmF1bHQiOjYwMDAwMDAwMDAwMCwiZGVsZXRlIjo2MDAwMDAwMDAwMDAsInJlYWQiOjYwMDAwMDAwMDAwMCwidXBkYXRlIjo2MDAwMDAwMDAwMDB9fQ==",
          "dependencies": [
            "scaleway_vpc.this",
            "scaleway_vpc_private_network.this",
            "scaleway_vpc_public_gateway.this",
            "scaleway_vpc_public_gateway_ip.this"
          ]
        }
      ]
    },
    {
      "mode": "managed",
      "type": "scaleway_vpc_private_network",
      "name": "this",
      "provider": "provider[\"registry.terraform.io/scaleway/scaleway\"]",
      "instances": [
        {
          "schema_version": 1,
          "attributes": {
            "created_at": "2024-06-24T14:20:36Z",
            "id": "fr-par/44905eac-4132-402d-85e8-e1e9d6912bba",
            "ipv4_subnet": [
              {
                "address": "172.16.12.0",
                "created_at": "2024-06-24T14:20:36Z",
                "id": "8c473eba-58ed-4a6d-bd42-4916d603046d",
                "prefix_length": 22,
                "subnet": "172.16.12.0/22",
                "subnet_mask": "255.255.252.0",
                "updated_at": "2024-06-24T14:20:36Z"
              }
            ],
            "ipv6_subnets": [
              {
                "address": "fdf3:a6e5:9f02:6a5e::",
                "created_at": "2024-06-24T14:20:36Z",
                "id": "6bb820a9-4379-4927-b9d6-76250cbd0f29",
                "prefix_length": 64,
                "subnet": "fdf3:a6e5:9f02:6a5e::/64",
                "subnet_mask": "255.255.255.255.255.255.255.255.0.0.0.0.0.0.0.0",
                "updated_at": "2024-06-24T14:20:36Z"
              }
            ],
            "is_regional": true,
            "name": "tidb-demo-pn-test",
            "organization_id": "e97e853d-3cce-4ebf-acda-ec5d6abc8fa8",
            "project_id": "e26f5a0d-e7eb-4f9c-891e-0d3a2b455758",
            "region": "fr-par",
            "tags": [
              "terraform=true",
              "demo",
              "SA",
              "test"
            ],
            "updated_at": "2024-06-24T14:20:36Z",
            "vpc_id": "fr-par/cf1826c7-d578-4360-943e-4324d26813ca",
            "zone": "fr-par-1"
          },
          "sensitive_attributes": [],
          "private": "eyJzY2hlbWFfdmVyc2lvbiI6IjEifQ==",
          "dependencies": [
            "scaleway_vpc.this"
          ]
        }
      ]
    },
    {
      "mode": "managed",
      "type": "scaleway_vpc_public_gateway",
      "name": "this",
      "provider": "provider[\"registry.terraform.io/scaleway/scaleway\"]",
      "instances": [
        {
          "schema_version": 0,
          "attributes": {
            "bastion_enabled": false,
            "bastion_port": 61000,
            "created_at": "2024-06-24T14:20:36Z",
            "enable_smtp": false,
            "id": "fr-par-1/0a04cbbf-1b7d-4420-8f26-202d78aba48e",
            "ip_id": "fr-par-1/8fc6c277-2f7c-4d29-8895-ad25b33abd99",
            "name": "tidb-demo-gw-test",
            "organization_id": "e97e853d-3cce-4ebf-acda-ec5d6abc8fa8",
            "project_id": "e26f5a0d-e7eb-4f9c-891e-0d3a2b455758",
            "refresh_ssh_keys": null,
            "status": "running",
            "tags": [
              "terraform=true",
              "demo",
              "SA",
              "test"
            ],
            "timeouts": null,
            "type": "VPC-GW-M",
            "updated_at": "2024-06-24T14:20:47Z",
            "upstream_dns_servers": null,
            "zone": "fr-par-1"
          },
          "sensitive_attributes": [],
          "private": "eyJlMmJmYjczMC1lY2FhLTExZTYtOGY4OC0zNDM2M2JjN2M0YzAiOnsiY3JlYXRlIjo2MDAwMDAwMDAwMDAsImRlZmF1bHQiOjYwMDAwMDAwMDAwMCwiZGVsZXRlIjo2MDAwMDAwMDAwMDAsInJlYWQiOjYwMDAwMDAwMDAwMCwidXBkYXRlIjo2MDAwMDAwMDAwMDB9fQ==",
          "dependencies": [
            "scaleway_vpc.this",
            "scaleway_vpc_private_network.this",
            "scaleway_vpc_public_gateway_ip.this"
          ]
        }
      ]
    },
    {
      "mode": "managed",
      "type": "scaleway_vpc_public_gateway_ip",
      "name": "this",
      "provider": "provider[\"registry.terraform.io/scaleway/scaleway\"]",
      "instances": [
        {
          "schema_version": 0,
          "attributes": {
            "address": "212.47.246.172",
            "created_at": "2024-06-24T14:20:36Z",
            "id": "fr-par-1/8fc6c277-2f7c-4d29-8895-ad25b33abd99",
            "organization_id": "e97e853d-3cce-4ebf-acda-ec5d6abc8fa8",
            "project_id": "e26f5a0d-e7eb-4f9c-891e-0d3a2b455758",
            "reverse": "172-246-47-212.instances.scw.cloud",
            "tags": null,
            "updated_at": "2024-06-24T14:20:36Z",
            "zone": "fr-par-1"
          },
          "sensitive_attributes": [],
          "private": "bnVsbA=="
        }
      ]
    },
    {
      "mode": "managed",
      "type": "time_sleep",
      "name": "wait_for_pgw",
      "provider": "provider[\"registry.terraform.io/hashicorp/time\"]",
      "instances": [
        {
          "schema_version": 0,
          "attributes": {
            "create_duration": "20s",
            "destroy_duration": null,
            "id": "2024-06-24T14:21:27Z",
            "triggers": null
          },
          "sensitive_attributes": [],
          "dependencies": [
            "scaleway_vpc.this",
            "scaleway_vpc_gateway_network.this",
            "scaleway_vpc_private_network.this",
            "scaleway_vpc_public_gateway.this",
            "scaleway_vpc_public_gateway_ip.this"
          ]
        }
      ]
    }
  ],
  "check_results": null
}
